
Microsoft Visual Studio Solution File, Format Version 12.00
Project("{FAE04EC0-301F-11D3-BF4B-00C04F79EFBC}") = "LittleCqrs", "LittleCqrs\LittleCqrs.csproj", "{2AEEC390-2F61-420A-84AB-112739F4B66E}"
EndProject
Project("{FAE04EC0-301F-11D3-BF4B-00C04F79EFBC}") = "LittleCqrs.Tests", "LittleCqrs.Tests\LittleCqrs.Tests.csproj", "{8F09714E-7A0E-45B2-8141-13EDC6323E20}"
EndProject
Global
	GlobalSection(SolutionConfigurationPlatforms) = preSolution
		Debug|Any CPU = Debug|Any CPU
		Release|Any CPU = Release|Any CPU
	EndGlobalSection
	GlobalSection(ProjectConfigurationPlatforms) = postSolution
		{2AEEC390-2F61-420A-84AB-112739F4B66E}.Debug|Any CPU.ActiveCfg = Debug|Any CPU
		{2AEEC390-2F61-420A-84AB-112739F4B66E}.Debug|Any CPU.Build.0 = Debug|Any CPU
		{2AEEC390-2F61-420A-84AB-112739F4B66E}.Release|Any CPU.ActiveCfg = Release|Any CPU
		{2AEEC390-2F61-420A-84AB-112739F4B66E}.Release|Any CPU.Build.0 = Release|Any CPU
		{8F09714E-7A0E-45B2-8141-13EDC6323E20}.Debug|Any CPU.ActiveCfg = Debug|Any CPU
		{8F09714E-7A0E-45B2-8141-13EDC6323E20}.Debug|Any CPU.Build.0 = Debug|Any CPU
		{8F09714E-7A0E-45B2-8141-13EDC6323E20}.Release|Any CPU.ActiveCfg = Release|Any CPU
		{8F09714E-7A0E-45B2-8141-13EDC6323E20}.Release|Any CPU.Build.0 = Release|Any CPU
	EndGlobalSection
EndGlobal
